// !$*UTF8*$!
{
	archiveVersion = 1;
	classes = {
	};
	objectVersion = 46;
	objects = {

/* Begin PBXBuildFile section */
		BF4101661AF89B7D003883AB /* main.m in Sources */ = {isa = PBXBuildFile; fileRef = BF4101651AF89B7D003883AB /* main.m */; };
		BF4101691AF89B7D003883AB /* AppDelegate.m in Sources */ = {isa = PBXBuildFile; fileRef = BF4101681AF89B7D003883AB /* AppDelegate.m */; };
		BF41016C1AF89B7D003883AB /* ViewController.m in Sources */ = {isa = PBXBuildFile; fileRef = BF41016B1AF89B7D003883AB /* ViewController.m */; };
		BF41016F1AF89B7D003883AB /* Main.storyboard in Resources */ = {isa = PBXBuildFile; fileRef = BF41016D1AF89B7D003883AB /* Main.storyboard */; };
		BF4101711AF89B7D003883AB /* Images.xcassets in Resources */ = {isa = PBXBuildFile; fileRef = BF4101701AF89B7D003883AB /* Images.xcassets */; };
		BF4101741AF89B7D003883AB /* LaunchScreen.xib in Resources */ = {isa = PBXBuildFile; fileRef = BF4101721AF89B7D003883AB /* LaunchScreen.xib */; };
		BF4101801AF89B7D003883AB /* _____Tests.m in Sources */ = {isa = PBXBuildFile; fileRef = BF41017F1AF89B7D003883AB /* _____Tests.m */; };
		BF41018B1AF89BAE003883AB /* CLNavigationControllerDelegate.m in Sources */ = {isa = PBXBuildFile; fileRef = BF41018A1AF89BAE003883AB /* CLNavigationControllerDelegate.m */; };
		BF41018D1AF89C3B003883AB /* CoreGraphics.framework in Frameworks */ = {isa = PBXBuildFile; fileRef = BF41018C1AF89C3B003883AB /* CoreGraphics.framework */; };
		BF41018F1AF89C51003883AB /* Foundation.framework in Frameworks */ = {isa = PBXBuildFile; fileRef = BF41018E1AF89C51003883AB /* Foundation.framework */; };
		BF4101911AF89C5E003883AB /* UIKit.framework in Frameworks */ = {isa = PBXBuildFile; fileRef = BF4101901AF89C5E003883AB /* UIKit.framework */; };
		BF4101941AF89E5F003883AB /* CLAnimator.m in Sources */ = {isa = PBXBuildFile; fileRef = BF4101931AF89E5F003883AB /* CLAnimator.m */; };
		BF4101971AF8A30F003883AB /* CLPopAnimator.m in Sources */ = {isa = PBXBuildFile; fileRef = BF4101961AF8A30F003883AB /* CLPopAnimator.m */; };
		BF41019A1AF8A884003883AB /* CLSecondViewController.m in Sources */ = {isa = PBXBuildFile; fileRef = BF4101991AF8A884003883AB /* CLSecondViewController.m */; };
		BF4101A01AF8B193003883AB /* ff_IconFacebook@2x.png in Resources */ = {isa = PBXBuildFile; fileRef = BF41019C1AF8B193003883AB /* ff_IconFacebook@2x.png */; };
		BF4101A11AF8B193003883AB /* ff_IconLocationService@2x.png in Resources */ = {isa = PBXBuildFile; fileRef = BF41019D1AF8B193003883AB /* ff_IconLocationService@2x.png */; };
		BF4101A21AF8B193003883AB /* ff_IconShowFaceBook@2x.png in Resources */ = {isa = PBXBuildFile; fileRef = BF41019E1AF8B193003883AB /* ff_IconShowFaceBook@2x.png */; };
		BF4101A31AF8B193003883AB /* ff_IconShowMobile@2x.png in Resources */ = {isa = PBXBuildFile; fileRef = BF41019F1AF8B193003883AB /* ff_IconShowMobile@2x.png */; };
		BF4101A61AF8B454003883AB /* RootViewController.m in Sources */ = {isa = PBXBuildFile; fileRef = BF4101A51AF8B454003883AB /* RootViewController.m */; };
/* End PBXBuildFile section */

/* Begin PBXContainerItemProxy section */
		BF41017A1AF89B7D003883AB /* PBXContainerItemProxy */ = {
			isa = PBXContainerItemProxy;
			containerPortal = BF4101581AF89B7D003883AB /* Project object */;
			proxyType = 1;
			remoteGlobalIDString = BF41015F1AF89B7D003883AB;
			remoteInfo = "菜单的切换";
		};
/* End PBXContainerItemProxy section */

/* Begin PBXFileReference section */
		BF4101601AF89B7D003883AB /* 菜单的切换.app */ = {isa = PBXFileReference; explicitFileType = wrapper.application; includeInIndex = 0; path = "菜单的切换.app"; sourceTree = BUILT_PRODUCTS_DIR; };
		BF4101641AF89B7D003883AB /* Info.plist */ = {isa = PBXFileReference; lastKnownFileType = text.plist.xml; path = Info.plist; sourceTree = "<group>"; };
		BF4101651AF89B7D003883AB /* main.m */ = {isa = PBXFileReference; lastKnownFileType = sourcecode.c.objc; path = main.m; sourceTree = "<group>"; };
		BF4101671AF89B7D003883AB /* AppDelegate.h */ = {isa = PBXFileReference; lastKnownFileType = sourcecode.c.h; path = AppDelegate.h; sourceTree = "<group>"; };
		BF4101681AF89B7D003883AB /* AppDelegate.m */ = {isa = PBXFileReference; lastKnownFileType = sourcecode.c.objc; path = AppDelegate.m; sourceTree = "<group>"; };
		BF41016A1AF89B7D003883AB /* ViewController.h */ = {isa = PBXFileReference; lastKnownFileType = sourcecode.c.h; path = ViewController.h; sourceTree = "<group>"; };
		BF41016B1AF89B7D003883AB /* ViewController.m */ = {isa = PBXFileReference; lastKnownFileType = sourcecode.c.objc; path = ViewController.m; sourceTree = "<group>"; };
		BF41016E1AF89B7D003883AB /* Base */ = {isa = PBXFileReference; lastKnownFileType = file.storyboard; name = Base; path = Base.lproj/Main.storyboard; sourceTree = "<group>"; };
		BF4101701AF89B7D003883AB /* Images.xcassets */ = {isa = PBXFileReference; lastKnownFileType = folder.assetcatalog; path = Images.xcassets; sourceTree = "<group>"; };
		BF4101731AF89B7D003883AB /* Base */ = {isa = PBXFileReference; lastKnownFileType = file.xib; name = Base; path = Base.lproj/LaunchScreen.xib; sourceTree = "<group>"; };
		BF4101791AF89B7D003883AB /* 菜单的切换Tests.xctest */ = {isa = PBXFileReference; explicitFileType = wrapper.cfbundle; includeInIndex = 0; path = "菜单的切换Tests.xctest"; sourceTree = BUILT_PRODUCTS_DIR; };
		BF41017E1AF89B7D003883AB /* Info.plist */ = {isa = PBXFileReference; lastKnownFileType = text.plist.xml; path = Info.plist; sourceTree = "<group>"; };
		BF41017F1AF89B7D003883AB /* _____Tests.m */ = {isa = PBXFileReference; lastKnownFileType = sourcecode.c.objc; path = "_____Tests.m"; sourceTree = "<group>"; };
		BF4101891AF89BAE003883AB /* CLNavigationControllerDelegate.h */ = {isa = PBXFileReference; fileEncoding = 4; lastKnownFileType = sourcecode.c.h; path = CLNavigationControllerDelegate.h; sourceTree = "<group>"; };
		BF41018A1AF89BAE003883AB /* CLNavigationControllerDelegate.m */ = {isa = PBXFileReference; fileEncoding = 4; lastKnownFileType = sourcecode.c.objc; path = CLNavigationControllerDelegate.m; sourceTree = "<group>"; };
		BF41018C1AF89C3B003883AB /* CoreGraphics.framework */ = {isa = PBXFileReference; lastKnownFileType = wrapper.framework; name = CoreGraphics.framework; path = System/Library/Frameworks/CoreGraphics.framework; sourceTree = SDKROOT; };
		BF41018E1AF89C51003883AB /* Foundation.framework */ = {isa = PBXFileReference; lastKnownFileType = wrapper.framework; name = Foundation.framework; path = System/Library/Frameworks/Foundation.framework; sourceTree = SDKROOT; };
		BF4101901AF89C5E003883AB /* UIKit.framework */ = {isa = PBXFileReference; lastKnownFileType = wrapper.framework; name = UIKit.framework; path = System/Library/Frameworks/UIKit.framework; sourceTree = SDKROOT; };
		BF4101921AF89E5F003883AB /* CLAnimator.h */ = {isa = PBXFileReference; fileEncoding = 4; lastKnownFileType = sourcecode.c.h; path = CLAnimator.h; sourceTree = "<group>"; };
		BF4101931AF89E5F003883AB /* CLAnimator.m */ = {isa = PBXFileReference; fileEncoding = 4; lastKnownFileType = sourcecode.c.objc; path = CLAnimator.m; sourceTree = "<group>"; };
		BF4101951AF8A30F003883AB /* CLPopAnimator.h */ = {isa = PBXFileReference; fileEncoding = 4; lastKnownFileType = sourcecode.c.h; path = CLPopAnimator.h; sourceTree = "<group>"; };
		BF4101961AF8A30F003883AB /* CLPopAnimator.m */ = {isa = PBXFileReference; fileEncoding = 4; lastKnownFileType = sourcecode.c.objc; path = CLPopAnimator.m; sourceTree = "<group>"; };
		BF4101981AF8A884003883AB /* CLSecondViewController.h */ = {isa = PBXFileReference; fileEncoding = 4; lastKnownFileType = sourcecode.c.h; path = CLSecondViewController.h; sourceTree = "<group>"; };
		BF4101991AF8A884003883AB /* CLSecondViewController.m */ = {isa = PBXFileReference; fileEncoding = 4; lastKnownFileType = sourcecode.c.objc; path = CLSecondViewController.m; sourceTree = "<group>"; };
		BF41019C1AF8B193003883AB /* ff_IconFacebook@2x.png */ = {isa = PBXFileReference; lastKnownFileType = image.png; path = "ff_IconFacebook@2x.png"; sourceTree = "<group>"; };
		BF41019D1AF8B193003883AB /* ff_IconLocationService@2x.png */ = {isa = PBXFileReference; lastKnownFileType = image.png; path = "ff_IconLocationService@2x.png"; sourceTree = "<group>"; };
		BF41019E1AF8B193003883AB /* ff_IconShowFaceBook@2x.png */ = {isa = PBXFileReference; lastKnownFileType = image.png; path = "ff_IconShowFaceBook@2x.png"; sourceTree = "<group>"; };
		BF41019F1AF8B193003883AB /* ff_IconShowMobile@2x.png */ = {isa = PBXFileReference; lastKnownFileType = image.png; path = "ff_IconShowMobile@2x.png"; sourceTree = "<group>"; };
		BF4101A41AF8B454003883AB /* RootViewController.h */ = {isa = PBXFileReference; fileEncoding = 4; lastKnownFileType = sourcecode.c.h; path = RootViewController.h; sourceTree = "<group>"; };
		BF4101A51AF8B454003883AB /* RootViewController.m */ = {isa = PBXFileReference; fileEncoding = 4; lastKnownFileType = sourcecode.c.objc; path = RootViewController.m; sourceTree = "<group>"; };
/* End PBXFileReference section */

/* Begin PBXFrameworksBuildPhase section */
		BF41015D1AF89B7D003883AB /* Frameworks */ = {
			isa = PBXFrameworksBuildPhase;
			buildActionMask = 2147483647;
			files = (
				BF4101911AF89C5E003883AB /* UIKit.framework in Frameworks */,
				BF41018F1AF89C51003883AB /* Foundation.framework in Frameworks */,
				BF41018D1AF89C3B003883AB /* CoreGraphics.framework in Frameworks */,
			);
			runOnlyForDeploymentPostprocessing = 0;
		};
		BF4101761AF89B7D003883AB /* Frameworks */ = {
			isa = PBXFrameworksBuildPhase;
			buildActionMask = 2147483647;
			files = (
			);
			runOnlyForDeploymentPostprocessing = 0;
		};
/* End PBXFrameworksBuildPhase section */

/* Begin PBXGroup section */
		BF4101571AF89B7D003883AB = {
			isa = PBXGroup;
			children = (
				BF4101621AF89B7D003883AB /* 菜单的切换 */,
				BF41017C1AF89B7D003883AB /* 菜单的切换Tests */,
				E2CDAB461AFB69DC00B71E13 /* Frameworks */,
				BF4101611AF89B7D003883AB /* Products */,
			);
			sourceTree = "<group>";
		};
		BF4101611AF89B7D003883AB /* Products */ = {
			isa = PBXGroup;
			children = (
				BF4101601AF89B7D003883AB /* 菜单的切换.app */,
				BF4101791AF89B7D003883AB /* 菜单的切换Tests.xctest */,
			);
			name = Products;
			sourceTree = "<group>";
		};
		BF4101621AF89B7D003883AB /* 菜单的切换 */ = {
			isa = PBXGroup;
			children = (
				BF4101671AF89B7D003883AB /* AppDelegate.h */,
				BF4101681AF89B7D003883AB /* AppDelegate.m */,
				BF41016A1AF89B7D003883AB /* ViewController.h */,
				BF41016B1AF89B7D003883AB /* ViewController.m */,
				BF4101891AF89BAE003883AB /* CLNavigationControllerDelegate.h */,
				BF41018A1AF89BAE003883AB /* CLNavigationControllerDelegate.m */,
				BF4101981AF8A884003883AB /* CLSecondViewController.h */,
				BF4101991AF8A884003883AB /* CLSecondViewController.m */,
				BF4101A41AF8B454003883AB /* RootViewController.h */,
				BF4101A51AF8B454003883AB /* RootViewController.m */,
				BF4101921AF89E5F003883AB /* CLAnimator.h */,
				BF4101931AF89E5F003883AB /* CLAnimator.m */,
				BF4101951AF8A30F003883AB /* CLPopAnimator.h */,
				BF4101961AF8A30F003883AB /* CLPopAnimator.m */,
				BF41019B1AF8B186003883AB /* img */,
				BF4101631AF89B7D003883AB /* Supporting Files */,
			);
			path = "菜单的切换";
			sourceTree = "<group>";
		};
		BF4101631AF89B7D003883AB /* Supporting Files */ = {
			isa = PBXGroup;
			children = (
				BF41016D1AF89B7D003883AB /* Main.storyboard */,
				BF4101701AF89B7D003883AB /* Images.xcassets */,
				BF4101721AF89B7D003883AB /* LaunchScreen.xib */,
				BF4101641AF89B7D003883AB /* Info.plist */,
				BF4101651AF89B7D003883AB /* main.m */,
			);
			name = "Supporting Files";
			sourceTree = "<group>";
		};
		BF41017C1AF89B7D003883AB /* 菜单的切换Tests */ = {
			isa = PBXGroup;
			children = (
				BF41017F1AF89B7D003883AB /* _____Tests.m */,
				BF41017D1AF89B7D003883AB /* Supporting Files */,
			);
			path = "菜单的切换Tests";
			sourceTree = "<group>";
		};
		BF41017D1AF89B7D003883AB /* Supporting Files */ = {
			isa = PBXGroup;
			children = (
				BF41017E1AF89B7D003883AB /* Info.plist */,
			);
			name = "Supporting Files";
			sourceTree = "<group>";
		};
		BF41019B1AF8B186003883AB /* img */ = {
			isa = PBXGroup;
			children = (
				BF41019C1AF8B193003883AB /* ff_IconFacebook@2x.png */,
				BF41019D1AF8B193003883AB /* ff_IconLocationService@2x.png */,
				BF41019E1AF8B193003883AB /* ff_IconShowFaceBook@2x.png */,
				BF41019F1AF8B193003883AB /* ff_IconShowMobile@2x.png */,
			);
			name = img;
			sourceTree = "<group>";
		};
		E2CDAB461AFB69DC00B71E13 /* Frameworks */ = {
			isa = PBXGroup;
			children = (
				BF4101901AF89C5E003883AB /* UIKit.framework */,
				BF41018E1AF89C51003883AB /* Foundation.framework */,
				BF41018C1AF89C3B003883AB /* CoreGraphics.framework */,
			);
			name = Frameworks;
			sourceTree = "<group>";
		};
/* End PBXGroup section */

/* Begin PBXNativeTarget section */
		BF41015F1AF89B7D003883AB /* 菜单的切换 */ = {
			isa = PBXNativeTarget;
			buildConfigurationList = BF4101831AF89B7D003883AB /* Build configuration list for PBXNativeTarget "菜单的切换" */;
			buildPhases = (
				BF41015C1AF89B7D003883AB /* Sources */,
				BF41015D1AF89B7D003883AB /* Frameworks */,
				BF41015E1AF89B7D003883AB /* Resources */,
			);
			buildRules = (
			);
			dependencies = (
			);
			name = "菜单的切换";
			productName = "菜单的切换";
			productReference = BF4101601AF89B7D003883AB /* 菜单的切换.app */;
			productType = "com.apple.product-type.application";
		};
		BF4101781AF89B7D003883AB /* 菜单的切换Tests */ = {
			isa = PBXNativeTarget;
			buildConfigurationList = BF4101861AF89B7D003883AB /* Build configuration list for PBXNativeTarget "菜单的切换Tests" */;
			buildPhases = (
				BF4101751AF89B7D003883AB /* Sources */,
				BF4101761AF89B7D003883AB /* Frameworks */,
				BF4101771AF89B7D003883AB /* Resources */,
			);
			buildRules = (
			);
			dependencies = (
				BF41017B1AF89B7D003883AB /* PBXTargetDependency */,
			);
			name = "菜单的切换Tests";
			productName = "菜单的切换Tests";
			productReference = BF4101791AF89B7D003883AB /* 菜单的切换Tests.xctest */;
			productType = "com.apple.product-type.bundle.unit-test";
		};
/* End PBXNativeTarget section */

/* Begin PBXProject section */
		BF4101581AF89B7D003883AB /* Project object */ = {
			isa = PBXProject;
			attributes = {
				LastUpgradeCheck = 0630;
				ORGANIZATIONNAME = XH;
				TargetAttributes = {
					BF41015F1AF89B7D003883AB = {
						CreatedOnToolsVersion = 6.3;
					};
					BF4101781AF89B7D003883AB = {
						CreatedOnToolsVersion = 6.3;
						TestTargetID = BF41015F1AF89B7D003883AB;
					};
				};
			};
			buildConfigurationList = BF41015B1AF89B7D003883AB /* Build configuration list for PBXProject "菜单的切换" */;
			compatibilityVersion = "Xcode 3.2";
			developmentRegion = English;
			hasScannedForEncodings = 0;
			knownRegions = (
				en,
				Base,
			);
			mainGroup = BF4101571AF89B7D003883AB;
			productRefGroup = BF4101611AF89B7D003883AB /* Products */;
			projectDirPath = "";
			projectRoot = "";
			targets = (
				BF41015F1AF89B7D003883AB /* 菜单的切换 */,
				BF4101781AF89B7D003883AB /* 菜单的切换Tests */,
			);
		};
/* End PBXProject section */

/* Begin PBXResourcesBuildPhase section */
		BF41015E1AF89B7D003883AB /* Resources */ = {
			isa = PBXResourcesBuildPhase;
			buildActionMask = 2147483647;
			files = (
				BF41016F1AF89B7D003883AB /* Main.storyboard in Resources */,
				BF4101A01AF8B193003883AB /* ff_IconFacebook@2x.png in Resources */,
				BF4101741AF89B7D003883AB /* LaunchScreen.xib in Resources */,
				BF4101A31AF8B193003883AB /* ff_IconShowMobile@2x.png in Resources */,
				BF4101711AF89B7D003883AB /* Images.xcassets in Resources */,
				BF4101A21AF8B193003883AB /* ff_IconShowFaceBook@2x.png in Resources */,
				BF4101A11AF8B193003883AB /* ff_IconLocationService@2x.png in Resources */,
			);
			runOnlyForDeploymentPostprocessing = 0;
		};
		BF4101771AF89B7D003883AB /* Resources */ = {
			isa = PBXResourcesBuildPhase;
			buildActionMask = 2147483647;
			files = (
			);
			runOnlyForDeploymentPostprocessing = 0;
		};
/* End PBXResourcesBuildPhase section */

/* Begin PBXSourcesBuildPhase section */
		BF41015C1AF89B7D003883AB /* Sources */ = {
			isa = PBXSourcesBuildPhase;
			buildActionMask = 2147483647;
			files = (
				BF41016C1AF89B7D003883AB /* ViewController.m in Sources */,
				BF4101971AF8A30F003883AB /* CLPopAnimator.m in Sources */,
				BF4101A61AF8B454003883AB /* RootViewController.m in Sources */,
				BF4101941AF89E5F003883AB /* CLAnimator.m in Sources */,
				BF41019A1AF8A884003883AB /* CLSecondViewController.m in Sources */,
				BF4101691AF89B7D003883AB /* AppDelegate.m in Sources */,
				BF41018B1AF89BAE003883AB /* CLNavigationControllerDelegate.m in Sources */,
				BF4101661AF89B7D003883AB /* main.m in Sources */,
			);
			runOnlyForDeploymentPostprocessing = 0;
		};
		BF4101751AF89B7D003883AB /* Sources */ = {
			isa = PBXSourcesBuildPhase;
			buildActionMask = 2147483647;
			files = (
				BF4101801AF89B7D003883AB /* _____Tests.m in Sources */,
			);
			runOnlyForDeploymentPostprocessing = 0;
		};
/* End PBXSourcesBuildPhase section */

/* Begin PBXTargetDependency section */
		BF41017B1AF89B7D003883AB /* PBXTargetDependency */ = {
			isa = PBXTargetDependency;
			target = BF41015F1AF89B7D003883AB /* 菜单的切换 */;
			targetProxy = BF41017A1AF89B7D003883AB /* PBXContainerItemProxy */;
		};
/* End PBXTargetDependency section */

/* Begin PBXVariantGroup section */
		BF41016D1AF89B7D003883AB /* Main.storyboard */ = {
			isa = PBXVariantGroup;
			children = (
				BF41016E1AF89B7D003883AB /* Base */,
			);
			name = Main.storyboard;
			sourceTree = "<group>";
		};
		BF4101721AF89B7D003883AB /* LaunchScreen.xib */ = {
			isa = PBXVariantGroup;
			children = (
				BF4101731AF89B7D003883AB /* Base */,
			);
			name = LaunchScreen.xib;
			sourceTree = "<group>";
		};
/* End PBXVariantGroup section */

/* Begin XCBuildConfiguration section */
		BF4101811AF89B7D003883AB /* Debug */ = {
			isa = XCBuildConfiguration;
			buildSettings = {
				ALWAYS_SEARCH_USER_PATHS = NO;
				CLANG_CXX_LANGUAGE_STANDARD = "gnu++0x";
				CLANG_CXX_LIBRARY = "libc++";
				CLANG_ENABLE_MODULES = YES;
				CLANG_ENABLE_OBJC_ARC = YES;
				CLANG_WARN_BOOL_CONVERSION = YES;
				CLANG_WARN_CONSTANT_CONVERSION = YES;
				CLANG_WARN_DIRECT_OBJC_ISA_USAGE = YES_ERROR;
				CLANG_WARN_EMPTY_BODY = YES;
				CLANG_WARN_ENUM_CONVERSION = YES;
				CLANG_WARN_INT_CONVERSION = YES;
				CLANG_WARN_OBJC_ROOT_CLASS = YES_ERROR;
				CLANG_WARN_UNREACHABLE_CODE = YES;
				CLANG_WARN__DUPLICATE_METHOD_MATCH = YES;
				"CODE_SIGN_IDENTITY[sdk=iphoneos*]" = "iPhone Developer";
				COPY_PHASE_STRIP = NO;
				DEBUG_INFORMATION_FORMAT = "dwarf-with-dsym";
				ENABLE_STRICT_OBJC_MSGSEND = YES;
				GCC_C_LANGUAGE_STANDARD = gnu99;
				GCC_DYNAMIC_NO_PIC = NO;
				GCC_NO_COMMON_BLOCKS = YES;
				GCC_OPTIMIZATION_LEVEL = 0;
				GCC_PREPROCESSOR_DEFINITIONS = (
					"DEBUG=1",
					"$(inherited)",
				);
				GCC_SYMBOLS_PRIVATE_EXTERN = NO;
				GCC_WARN_64_TO_32_BIT_CONVERSION = YES;
				GCC_WARN_ABOUT_RETURN_TYPE = YES_ERROR;
				GCC_WARN_UNDECLARED_SELECTOR = YES;
				GCC_WARN_UNINITIALIZED_AUTOS = YES_AGGRESSIVE;
				GCC_WARN_UNUSED_FUNCTION = YES;
				GCC_WARN_UNUSED_VARIABLE = YES;
				IPHONEOS_DEPLOYMENT_TARGET = 7.0;
				MTL_ENABLE_DEBUG_INFO = YES;
				ONLY_ACTIVE_ARCH = YES;
				SDKROOT = iphoneos;
			};
			name = Debug;
		};
		BF4101821AF89B7D003883AB /* Release */ = {
			isa = XCBuildConfiguration;
			buildSettings = {
				ALWAYS_SEARCH_USER_PATHS = NO;
				CLANG_CXX_LANGUAGE_STANDARD = "gnu++0x";
				CLANG_CXX_LIBRARY = "libc++";
				CLANG_ENABLE_MODULES = YES;
				CLANG_ENABLE_OBJC_ARC = YES;
				CLANG_WARN_BOOL_CONVERSION = YES;
				CLANG_WARN_CONSTANT_CONVERSION = YES;
				CLANG_WARN_DIRECT_OBJC_ISA_USAGE = YES_ERROR;
				CLANG_WARN_EMPTY_BODY = YES;
				CLANG_WARN_ENUM_CONVERSION = YES;
				CLANG_WARN_INT_CONVERSION = YES;
				CLANG_WARN_OBJC_ROOT_CLASS = YES_ERROR;
				CLANG_WARN_UNREACHABLE_CODE = YES;
				CLANG_WARN__DUPLICATE_METHOD_MATCH = YES;
				"CODE_SIGN_IDENTITY[sdk=iphoneos*]" = "iPhone Developer";
				COPY_PHASE_STRIP = NO;
				DEBUG_INFORMATION_FORMAT = "dwarf-with-dsym";
				ENABLE_NS_ASSERTIONS = NO;
				ENABLE_STRICT_OBJC_MSGSEND = YES;
				GCC_C_LANGUAGE_STANDARD = gnu99;
				GCC_NO_COMMON_BLOCKS = YES;
				GCC_WARN_64_TO_32_BIT_CONVERSION = YES;
				GCC_WARN_ABOUT_RETURN_TYPE = YES_ERROR;
				GCC_WARN_UNDECLARED_SELECTOR = YES;
				GCC_WARN_UNINITIALIZED_AUTOS = YES_AGGRESSIVE;
				GCC_WARN_UNUSED_FUNCTION = YES;
				GCC_WARN_UNUSED_VARIABLE = YES;
				IPHONEOS_DEPLOYMENT_TARGET = 7.0;
				MTL_ENABLE_DEBUG_INFO = NO;
				SDKROOT = iphoneos;
				VALIDATE_PRODUCT = YES;
			};
			name = Release;
		};
		BF4101841AF89B7D003883AB /* Debug */ = {
			isa = XCBuildConfiguration;
			buildSettings = {
				ASSETCATALOG_COMPILER_APPICON_NAME = AppIcon;
				ASSETCATALOG_COMPILER_LAUNCHIMAGE_NAME = LaunchImage;
				INFOPLIST_FILE = "菜单的切换/Info.plist";
				IPHONEOS_DEPLOYMENT_TARGET = 7.0;
				LD_RUNPATH_SEARCH_PATHS = "$(inherited) @executable_path/Frameworks";
				PRODUCT_NAME = "$(TARGET_NAME)";
			};
			name = Debug;
		};
		BF4101851AF89B7D003883AB /* Release */ = {
			isa = XCBuildConfiguration;
			buildSettings = {
				ASSETCATALOG_COMPILER_APPICON_NAME = AppIcon;
				ASSETCATALOG_COMPILER_LAUNCHIMAGE_NAME = LaunchImage;
				INFOPLIST_FILE = "菜单的切换/Info.plist";
				IPHONEOS_DEPLOYMENT_TARGET = 7.0;
				LD_RUNPATH_SEARCH_PATHS = "$(inherited) @executable_path/Frameworks";
				PRODUCT_NAME = "$(TARGET_NAME)";
			};
			name = Release;
		};
		BF4101871AF89B7D003883AB /* Debug */ = {
			isa = XCBuildConfiguration;
			buildSettings = {
				BUNDLE_LOADER = "$(TEST_HOST)";
				FRAMEWORK_SEARCH_PATHS = (
					"$(SDKROOT)/Developer/Library/Frameworks",
					"$(inherited)",
				);
				GCC_PREPROCESSOR_DEFINITIONS = (
					"DEBUG=1",
					"$(inherited)",
				);
				INFOPLIST_FILE = "菜单的切换Tests/Info.plist";
				LD_RUNPATH_SEARCH_PATHS = "$(inherited) @executable_path/Frameworks @loader_path/Frameworks";
				PRODUCT_NAME = "$(TARGET_NAME)";
				TEST_HOST = "$(BUILT_PRODUCTS_DIR)/菜单的切换.app/菜单的切换";
			};
			name = Debug;
		};
		BF4101881AF89B7D003883AB /* Release */ = {
			isa = XCBuildConfiguration;
			buildSettings = {
				BUNDLE_LOADER = "$(TEST_HOST)";
				FRAMEWORK_SEARCH_PATHS = (
					"$(SDKROOT)/Developer/Library/Frameworks",
					"$(inherited)",
				);
				INFOPLIST_FILE = "菜单的切换Tests/Info.plist";
				LD_RUNPATH_SEARCH_PATHS = "$(inherited) @executable_path/Frameworks @loader_path/Frameworks";
				PRODUCT_NAME = "$(TARGET_NAME)";
				TEST_HOST = "$(BUILT_PRODUCTS_DIR)/菜单的切换.app/菜单的切换";
			};
			name = Release;
		};
/* End XCBuildConfiguration section */

/* Begin XCConfigurationList section */
		BF41015B1AF89B7D003883AB /* Build configuration list for PBXProject "菜单的切换" */ = {
			isa = XCConfigurationList;
			buildConfigurations = (
				BF4101811AF89B7D003883AB /* Debug */,
				BF4101821AF89B7D003883AB /* Release */,
			);
			defaultConfigurationIsVisible = 0;
			defaultConfigurationName = Release;
		};
		BF4101831AF89B7D003883AB /* Build configuration list for PBXNativeTarget "菜单的切换" */ = {
			isa = XCConfigurationList;
			buildConfigurations = (
				BF4101841AF89B7D003883AB /* Debug */,
				BF4101851AF89B7D003883AB /* Release */,
			);
			defaultConfigurationIsVisible = 0;
			defaultConfigurationName = Release;
		};
		BF4101861AF89B7D003883AB /* Build configuration list for PBXNativeTarget "菜单的切换Tests" */ = {
			isa = XCConfigurationList;
			buildConfigurations = (
				BF4101871AF89B7D003883AB /* Debug */,
				BF4101881AF89B7D003883AB /* Release */,
			);
			defaultConfigurationIsVisible = 0;
			defaultConfigurationName = Release;
		};
/* End XCConfigurationList section */
	};
	rootObject = BF4101581AF89B7D003883AB /* Project object */;
}
